// !$*UTF8*$!
{
	archiveVersion = 1;
	classes = {
	};
	objectVersion = 46;
	objects = {

/* Begin PBXBuildFile section */
		07249D78E2DEF78615AC8397 /* NewFileFinderExtension.appex in Embed App Extensions */ = {isa = PBXBuildFile; fileRef = 1F775A847AC1ADA0076D98F3 /* NewFileFinderExtension.appex */; };
		0E65056D98EC3002DB9C56DA /* Cocoa.framework in Frameworks */ = {isa = PBXBuildFile; fileRef = 5E0175E8D66CDCDAF44FCB91 /* Cocoa.framework */; };
		33689931EDE4CFABDD4177BC /* Cocoa.framework in Frameworks */ = {isa = PBXBuildFile; fileRef = 5E0175E8D66CDCDAF44FCB91 /* Cocoa.framework */; };
		3ADEEF2E53E66EE7A101D79A /* FinderSync.framework in Frameworks */ = {isa = PBXBuildFile; fileRef = 21714864DD4C0A640A84D02E /* FinderSync.framework */; };
		4A3469E44C92C05B456FA22B /* NewFileFinderExtension.m in Sources */ = {isa = PBXBuildFile; fileRef = AE131B77E5D5CE911CFEC776 /* NewFileFinderExtension.m */; };
		578F8ED20AD5979F4CA5AFED /* Cocoa.framework in Frameworks */ = {isa = PBXBuildFile; fileRef = 741875F64B9697C3B32F52F1 /* Cocoa.framework */; };
		5DF48134FC9BEDCBB8252F4D /* Cocoa.framework in Frameworks */ = {isa = PBXBuildFile; fileRef = 741875F64B9697C3B32F52F1 /* Cocoa.framework */; };
		9AC7244C526FD90BF2430E4F /* NewFileFromClipboardApp.m in Sources */ = {isa = PBXBuildFile; fileRef = F319031E7078712432E0FD4A /* NewFileFromClipboardApp.m */; };
/* End PBXBuildFile section */

/* Begin PBXContainerItemProxy section */
		FA1AC9F2614FCB12BF1529B1 /* PBXContainerItemProxy */ = {
			isa = PBXContainerItemProxy;
			containerPortal = FA1AB8B2E943CAC84212FD67 /* Project object */;
			proxyType = 1;
			remoteGlobalIDString = 50871A292573557D52FC1A63;
			remoteInfo = NewFileFinderExtension;
		};
/* End PBXContainerItemProxy section */

/* Begin PBXCopyFilesBuildPhase section */
		5617FA99FC02AD9D742737C6 /* Embed App Extensions */ = {
			isa = PBXCopyFilesBuildPhase;
			buildActionMask = 2147483647;
			dstPath = "";
			dstSubfolderSpec = 13;
			files = (
				07249D78E2DEF78615AC8397 /* NewFileFinderExtension.appex in Embed App Extensions */,
			);
			name = "Embed App Extensions";
			runOnlyForDeploymentPostprocessing = 0;
		};
/* End PBXCopyFilesBuildPhase section */

/* Begin PBXFileReference section */
		0D33BBDC8060E08FD55C3A53 /* AppInfo.plist */ = {isa = PBXFileReference; includeInIndex = 1; lastKnownFileType = text.plist.xml; path = AppInfo.plist; sourceTree = "<group>"; };
		1F775A847AC1ADA0076D98F3 /* NewFileFinderExtension.appex */ = {isa = PBXFileReference; explicitFileType = "wrapper.app-extension"; includeInIndex = 0; path = NewFileFinderExtension.appex; sourceTree = BUILT_PRODUCTS_DIR; };
		21714864DD4C0A640A84D02E /* FinderSync.framework */ = {isa = PBXFileReference; lastKnownFileType = wrapper.framework; name = FinderSync.framework; path = System/Library/Frameworks/FinderSync.framework; sourceTree = SDKROOT; };
		2221E53F451A59309F06A615 /* ExtensionInfo.plist */ = {isa = PBXFileReference; includeInIndex = 1; lastKnownFileType = text.plist.xml; path = ExtensionInfo.plist; sourceTree = "<group>"; };
		5E0175E8D66CDCDAF44FCB91 /* Cocoa.framework */ = {isa = PBXFileReference; lastKnownFileType = wrapper.framework; name = Cocoa.framework; path = Platforms/MacOSX.platform/Developer/SDKs/MacOSX15.0.sdk/System/Library/Frameworks/Cocoa.framework; sourceTree = DEVELOPER_DIR; };
		6A172632F43BCFB072D2DEC9 /* Extension.entitlements */ = {isa = PBXFileReference; includeInIndex = 1; lastKnownFileType = text.plist.entitlements; path = Extension.entitlements; sourceTree = "<group>"; };
		741875F64B9697C3B32F52F1 /* Cocoa.framework */ = {isa = PBXFileReference; lastKnownFileType = wrapper.framework; name = Cocoa.framework; path = System/Library/Frameworks/Cocoa.framework; sourceTree = SDKROOT; };
		A26809FFF7561729EA790A82 /* New File from Clipboard.app */ = {isa = PBXFileReference; explicitFileType = wrapper.application; includeInIndex = 0; path = "New File from Clipboard.app"; sourceTree = BUILT_PRODUCTS_DIR; };
		AE131B77E5D5CE911CFEC776 /* NewFileFinderExtension.m */ = {isa = PBXFileReference; includeInIndex = 1; lastKnownFileType = sourcecode.c.objc; path = NewFileFinderExtension.m; sourceTree = "<group>"; };
		C98AD2FA5690332263703FD7 /* App.entitlements */ = {isa = PBXFileReference; includeInIndex = 1; lastKnownFileType = text.plist.entitlements; path = App.entitlements; sourceTree = "<group>"; };
		F319031E7078712432E0FD4A /* NewFileFromClipboardApp.m */ = {isa = PBXFileReference; includeInIndex = 1; lastKnownFileType = sourcecode.c.objc; path = NewFileFromClipboardApp.m; sourceTree = "<group>"; };
/* End PBXFileReference section */

/* Begin PBXFrameworksBuildPhase section */
		DD6827DAC565A5EB9F7C95B3 /* Frameworks */ = {
			isa = PBXFrameworksBuildPhase;
			buildActionMask = 2147483647;
			files = (
				0E65056D98EC3002DB9C56DA /* Cocoa.framework in Frameworks */,
				578F8ED20AD5979F4CA5AFED /* Cocoa.framework in Frameworks */,
			);
			runOnlyForDeploymentPostprocessing = 0;
		};
		F544FBA66D3ED55EB7CB9F2D /* Frameworks */ = {
			isa = PBXFrameworksBuildPhase;
			buildActionMask = 2147483647;
			files = (
				33689931EDE4CFABDD4177BC /* Cocoa.framework in Frameworks */,
				5DF48134FC9BEDCBB8252F4D /* Cocoa.framework in Frameworks */,
				3ADEEF2E53E66EE7A101D79A /* FinderSync.framework in Frameworks */,
			);
			runOnlyForDeploymentPostprocessing = 0;
		};
/* End PBXFrameworksBuildPhase section */

/* Begin PBXGroup section */
		18BB5BCB3326A3269911D681 /* FinderExtension */ = {
			isa = PBXGroup;
			children = (
				F319031E7078712432E0FD4A /* NewFileFromClipboardApp.m */,
				AE131B77E5D5CE911CFEC776 /* NewFileFinderExtension.m */,
				0D33BBDC8060E08FD55C3A53 /* AppInfo.plist */,
				2221E53F451A59309F06A615 /* ExtensionInfo.plist */,
				C98AD2FA5690332263703FD7 /* App.entitlements */,
				6A172632F43BCFB072D2DEC9 /* Extension.entitlements */,
			);
			name = FinderExtension;
			path = FinderExtension;
			sourceTree = "<group>";
		};
		5E5188B4C03B8979ABA675AB /* Frameworks */ = {
			isa = PBXGroup;
			children = (
				C7F199F67DF092E25FDC7063 /* OS X */,
				741875F64B9697C3B32F52F1 /* Cocoa.framework */,
				21714864DD4C0A640A84D02E /* FinderSync.framework */,
			);
			name = Frameworks;
			sourceTree = "<group>";
		};
		A4B9C9A855D5E30FB100DF69 /* Products */ = {
			isa = PBXGroup;
			children = (
				A26809FFF7561729EA790A82 /* New File from Clipboard.app */,
				1F775A847AC1ADA0076D98F3 /* NewFileFinderExtension.appex */,
			);
			name = Products;
			sourceTree = "<group>";
		};
		AF7E54B8F7841BB03761B48C = {
			isa = PBXGroup;
			children = (
				A4B9C9A855D5E30FB100DF69 /* Products */,
				5E5188B4C03B8979ABA675AB /* Frameworks */,
				18BB5BCB3326A3269911D681 /* FinderExtension */,
			);
			sourceTree = "<group>";
		};
		C7F199F67DF092E25FDC7063 /* OS X */ = {
			isa = PBXGroup;
			children = (
				5E0175E8D66CDCDAF44FCB91 /* Cocoa.framework */,
			);
			name = "OS X";
			sourceTree = "<group>";
		};
/* End PBXGroup section */

/* Begin PBXNativeTarget section */
		50871A292573557D52FC1A63 /* NewFileFinderExtension */ = {
			isa = PBXNativeTarget;
			buildConfigurationList = 46A3C326089AAFB3FE700AE2 /* Build configuration list for PBXNativeTarget "NewFileFinderExtension" */;
			buildPhases = (
				11CE20D9DD3846D7AC8C0345 /* Sources */,
				F544FBA66D3ED55EB7CB9F2D /* Frameworks */,
				1B6555DEFADBCE49EABC0FF0 /* Resources */,
			);
			buildRules = (
			);
			dependencies = (
			);
			name = NewFileFinderExtension;
			productName = NewFileFinderExtension;
			productReference = 1F775A847AC1ADA0076D98F3 /* NewFileFinderExtension.appex */;
			productType = "com.apple.product-type.app-extension";
		};
		B43513494791DAD5BA080028 /* New File from Clipboard */ = {
			isa = PBXNativeTarget;
			buildConfigurationList = 3DBF7586321C78FD557DFEBB /* Build configuration list for PBXNativeTarget "New File from Clipboard" */;
			buildPhases = (
				99ECF022D363B5C7C82E84C9 /* Sources */,
				DD6827DAC565A5EB9F7C95B3 /* Frameworks */,
				255B4981A9903B4415BA8527 /* Resources */,
				5617FA99FC02AD9D742737C6 /* Embed App Extensions */,
			);
			buildRules = (
			);
			dependencies = (
				99A99805593F2B553E3638E0 /* PBXTargetDependency */,
			);
			name = "New File from Clipboard";
			productName = "New File from Clipboard";
			productReference = A26809FFF7561729EA790A82 /* New File from Clipboard.app */;
			productType = "com.apple.product-type.application";
		};
/* End PBXNativeTarget section */

/* Begin PBXProject section */
		FA1AB8B2E943CAC84212FD67 /* Project object */ = {
			isa = PBXProject;
			attributes = {
				LastSwiftUpdateCheck = 1600;
				LastUpgradeCheck = 2640;
				ORGANIZATIONNAME = "Eric Baruch";
			};
			buildConfigurationList = 927CB45200B5AB2B2B47E095 /* Build configuration list for PBXProject "NewFileFromClipboard" */;
			compatibilityVersion = "Xcode 3.2";
			developmentRegion = en;
			hasScannedForEncodings = 0;
			knownRegions = (
				en,
				Base,
			);
			mainGroup = AF7E54B8F7841BB03761B48C;
			minimizedProjectReferenceProxies = 0;
			preferredProjectObjectVersion = 77;
			productRefGroup = A4B9C9A855D5E30FB100DF69 /* Products */;
			projectDirPath = "";
			projectRoot = "";
			targets = (
				B43513494791DAD5BA080028 /* New File from Clipboard */,
				50871A292573557D52FC1A63 /* NewFileFinderExtension */,
			);
		};
/* End PBXProject section */

/* Begin PBXResourcesBuildPhase section */
		1B6555DEFADBCE49EABC0FF0 /* Resources */ = {
			isa = PBXResourcesBuildPhase;
			buildActionMask = 2147483647;
			files = (
			);
			runOnlyForDeploymentPostprocessing = 0;
		};
		255B4981A9903B4415BA8527 /* Resources */ = {
			isa = PBXResourcesBuildPhase;
			buildActionMask = 2147483647;
			files = (
			);
			runOnlyForDeploymentPostprocessing = 0;
		};
/* End PBXResourcesBuildPhase section */

/* Begin PBXSourcesBuildPhase section */
		11CE20D9DD3846D7AC8C0345 /* Sources */ = {
			isa = PBXSourcesBuildPhase;
			buildActionMask = 2147483647;
			files = (
				4A3469E44C92C05B456FA22B /* NewFileFinderExtension.m in Sources */,
			);
			runOnlyForDeploymentPostprocessing = 0;
		};
		99ECF022D363B5C7C82E84C9 /* Sources */ = {
			isa = PBXSourcesBuildPhase;
			buildActionMask = 2147483647;
			files = (
				9AC7244C526FD90BF2430E4F /* NewFileFromClipboardApp.m in Sources */,
			);
			runOnlyForDeploymentPostprocessing = 0;
		};
/* End PBXSourcesBuildPhase section */

/* Begin PBXTargetDependency section */
		99A99805593F2B553E3638E0 /* PBXTargetDependency */ = {
			isa = PBXTargetDependency;
			name = NewFileFinderExtension;
			target = 50871A292573557D52FC1A63 /* NewFileFinderExtension */;
			targetProxy = FA1AC9F2614FCB12BF1529B1 /* PBXContainerItemProxy */;
		};
/* End PBXTargetDependency section */

/* Begin XCBuildConfiguration section */
		195EC8B92718A7905B80A488 /* Debug */ = {
			isa = XCBuildConfiguration;
			buildSettings = {
				ALWAYS_SEARCH_USER_PATHS = NO;
				ASSETCATALOG_COMPILER_APPICON_NAME = AppIcon;
				ASSETCATALOG_COMPILER_GLOBAL_ACCENT_COLOR_NAME = AccentColor;
				CLANG_ENABLE_MODULES = YES;
				CLANG_ENABLE_OBJC_ARC = YES;
				CODE_SIGN_ENTITLEMENTS = FinderExtension/App.entitlements;
				CODE_SIGN_IDENTITY = "Apple Development";
				CODE_SIGN_STYLE = Automatic;
				COMBINE_HIDPI_IMAGES = YES;
				CURRENT_PROJECT_VERSION = 1;
				DEVELOPMENT_TEAM = NSQB6N5244;
				ENABLE_HARDENED_RUNTIME = YES;
				INFOPLIST_FILE = FinderExtension/AppInfo.plist;
				LD_RUNPATH_SEARCH_PATHS = "$(inherited) @executable_path/../Frameworks";
				MACOSX_DEPLOYMENT_TARGET = 13.0;
				MARKETING_VERSION = 1.0;
				PRODUCT_BUNDLE_IDENTIFIER = com.ericbaruch.NewFileFromClipboard;
				PRODUCT_NAME = "New File from Clipboard";
				SDKROOT = macosx;
				SKIP_INSTALL = NO;
				SWIFT_VERSION = 5.0;
			};
			name = Debug;
		};
		2E603FDAFA3955470B43824B /* Debug */ = {
			isa = XCBuildConfiguration;
			buildSettings = {
				ALWAYS_SEARCH_USER_PATHS = NO;
				CLANG_ANALYZER_NONNULL = YES;
				CLANG_ANALYZER_NUMBER_OBJECT_CONVERSION = YES_AGGRESSIVE;
				CLANG_CXX_LANGUAGE_STANDARD = "gnu++14";
				CLANG_CXX_LIBRARY = "libc++";
				CLANG_ENABLE_MODULES = YES;
				CLANG_ENABLE_OBJC_ARC = YES;
				CLANG_ENABLE_OBJC_WEAK = YES;
				CLANG_WARN_BLOCK_CAPTURE_AUTORELEASING = YES;
				CLANG_WARN_BOOL_CONVERSION = YES;
				CLANG_WARN_COMMA = YES;
				CLANG_WARN_CONSTANT_CONVERSION = YES;
				CLANG_WARN_DEPRECATED_OBJC_IMPLEMENTATIONS = YES;
				CLANG_WARN_DIRECT_OBJC_ISA_USAGE = YES_ERROR;
				CLANG_WARN_DOCUMENTATION_COMMENTS = YES;
				CLANG_WARN_EMPTY_BODY = YES;
				CLANG_WARN_ENUM_CONVERSION = YES;
				CLANG_WARN_INFINITE_RECURSION = YES;
				CLANG_WARN_INT_CONVERSION = YES;
				CLANG_WARN_NON_LITERAL_NULL_CONVERSION = YES;
				CLANG_WARN_OBJC_IMPLICIT_RETAIN_SELF = YES;
				CLANG_WARN_OBJC_LITERAL_CONVERSION = YES;
				CLANG_WARN_OBJC_ROOT_CLASS = YES_ERROR;
				CLANG_WARN_QUOTED_INCLUDE_IN_FRAMEWORK_HEADER = YES;
				CLANG_WARN_RANGE_LOOP_ANALYSIS = YES;
				CLANG_WARN_STRICT_PROTOTYPES = YES;
				CLANG_WARN_SUSPICIOUS_MOVE = YES;
				CLANG_WARN_UNGUARDED_AVAILABILITY = YES_AGGRESSIVE;
				CLANG_WARN_UNREACHABLE_CODE = YES;
				CLANG_WARN__DUPLICATE_METHOD_MATCH = YES;
				COPY_PHASE_STRIP = NO;
				DEBUG_INFORMATION_FORMAT = dwarf;
				ENABLE_STRICT_OBJC_MSGSEND = YES;
				ENABLE_TESTABILITY = YES;
				GCC_C_LANGUAGE_STANDARD = gnu11;
				GCC_DYNAMIC_NO_PIC = NO;
				GCC_NO_COMMON_BLOCKS = YES;
				GCC_OPTIMIZATION_LEVEL = 0;
				GCC_PREPROCESSOR_DEFINITIONS = (
					"DEBUG=1",
					"$(inherited)",
				);
				GCC_WARN_64_TO_32_BIT_CONVERSION = YES;
				GCC_WARN_ABOUT_RETURN_TYPE = YES_ERROR;
				GCC_WARN_UNDECLARED_SELECTOR = YES;
				GCC_WARN_UNINITIALIZED_AUTOS = YES_AGGRESSIVE;
				GCC_WARN_UNUSED_FUNCTION = YES;
				GCC_WARN_UNUSED_VARIABLE = YES;
				MACOSX_DEPLOYMENT_TARGET = 13.0;
				MTL_ENABLE_DEBUG_INFO = INCLUDE_SOURCE;
				MTL_FAST_MATH = YES;
				ONLY_ACTIVE_ARCH = YES;
				PRODUCT_NAME = "$(TARGET_NAME)";
				SDKROOT = macosx;
				SWIFT_ACTIVE_COMPILATION_CONDITIONS = DEBUG;
				SWIFT_OPTIMIZATION_LEVEL = "-Onone";
				SWIFT_VERSION = 5.0;
			};
			name = Debug;
		};
		68A476AC5A2CEC72F2E51530 /* Release */ = {
			isa = XCBuildConfiguration;
			buildSettings = {
				ALWAYS_SEARCH_USER_PATHS = NO;
				APPLICATION_EXTENSION_API_ONLY = YES;
				CLANG_ENABLE_MODULES = YES;
				CLANG_ENABLE_OBJC_ARC = YES;
				CODE_SIGN_ENTITLEMENTS = FinderExtension/Extension.entitlements;
				CODE_SIGN_IDENTITY = "Apple Development";
				CODE_SIGN_STYLE = Automatic;
				CURRENT_PROJECT_VERSION = 1;
				DEVELOPMENT_TEAM = NSQB6N5244;
				ENABLE_HARDENED_RUNTIME = YES;
				INFOPLIST_FILE = FinderExtension/ExtensionInfo.plist;
				LD_RUNPATH_SEARCH_PATHS = "$(inherited) @executable_path/../Frameworks @executable_path/../../../../Frameworks";
				MACOSX_DEPLOYMENT_TARGET = 13.0;
				MARKETING_VERSION = 1.0;
				PRODUCT_BUNDLE_IDENTIFIER = com.ericbaruch.NewFileFromClipboard.FinderExtension;
				PRODUCT_NAME = NewFileFinderExtension;
				SDKROOT = macosx;
				SKIP_INSTALL = YES;
				SWIFT_VERSION = 5.0;
			};
			name = Release;
		};
		B5BC31B3B6296442ABF77431 /* Debug */ = {
			isa = XCBuildConfiguration;
			buildSettings = {
				ALWAYS_SEARCH_USER_PATHS = NO;
				APPLICATION_EXTENSION_API_ONLY = YES;
				CLANG_ENABLE_MODULES = YES;
				CLANG_ENABLE_OBJC_ARC = YES;
				CODE_SIGN_ENTITLEMENTS = FinderExtension/Extension.entitlements;
				CODE_SIGN_IDENTITY = "Apple Development";
				CODE_SIGN_STYLE = Automatic;
				CURRENT_PROJECT_VERSION = 1;
				DEVELOPMENT_TEAM = NSQB6N5244;
				ENABLE_HARDENED_RUNTIME = YES;
				INFOPLIST_FILE = FinderExtension/ExtensionInfo.plist;
				LD_RUNPATH_SEARCH_PATHS = "$(inherited) @executable_path/../Frameworks @executable_path/../../../../Frameworks";
				MACOSX_DEPLOYMENT_TARGET = 13.0;
				MARKETING_VERSION = 1.0;
				PRODUCT_BUNDLE_IDENTIFIER = com.ericbaruch.NewFileFromClipboard.FinderExtension;
				PRODUCT_NAME = NewFileFinderExtension;
				SDKROOT = macosx;
				SKIP_INSTALL = YES;
				SWIFT_VERSION = 5.0;
			};
			name = Debug;
		};
		E76DAE2F45C3BEC7DBD9EAF1 /* Release */ = {
			isa = XCBuildConfiguration;
			buildSettings = {
				ALWAYS_SEARCH_USER_PATHS = NO;
				ASSETCATALOG_COMPILER_APPICON_NAME = AppIcon;
				ASSETCATALOG_COMPILER_GLOBAL_ACCENT_COLOR_NAME = AccentColor;
				CLANG_ENABLE_MODULES = YES;
				CLANG_ENABLE_OBJC_ARC = YES;
				CODE_SIGN_ENTITLEMENTS = FinderExtension/App.entitlements;
				CODE_SIGN_IDENTITY = "Apple Development";
				CODE_SIGN_STYLE = Automatic;
				COMBINE_HIDPI_IMAGES = YES;
				CURRENT_PROJECT_VERSION = 1;
				DEVELOPMENT_TEAM = NSQB6N5244;
				ENABLE_HARDENED_RUNTIME = YES;
				INFOPLIST_FILE = FinderExtension/AppInfo.plist;
				LD_RUNPATH_SEARCH_PATHS = "$(inherited) @executable_path/../Frameworks";
				MACOSX_DEPLOYMENT_TARGET = 13.0;
				MARKETING_VERSION = 1.0;
				PRODUCT_BUNDLE_IDENTIFIER = com.ericbaruch.NewFileFromClipboard;
				PRODUCT_NAME = "New File from Clipboard";
				SDKROOT = macosx;
				SKIP_INSTALL = NO;
				SWIFT_VERSION = 5.0;
			};
			name = Release;
		};
		EF29EF109A038ABB0EF6E608 /* Release */ = {
			isa = XCBuildConfiguration;
			buildSettings = {
				ALWAYS_SEARCH_USER_PATHS = NO;
				CLANG_ANALYZER_NONNULL = YES;
				CLANG_ANALYZER_NUMBER_OBJECT_CONVERSION = YES_AGGRESSIVE;
				CLANG_CXX_LANGUAGE_STANDARD = "gnu++14";
				CLANG_CXX_LIBRARY = "libc++";
				CLANG_ENABLE_MODULES = YES;
				CLANG_ENABLE_OBJC_ARC = YES;
				CLANG_ENABLE_OBJC_WEAK = YES;
				CLANG_WARN_BLOCK_CAPTURE_AUTORELEASING = YES;
				CLANG_WARN_BOOL_CONVERSION = YES;
				CLANG_WARN_COMMA = YES;
				CLANG_WARN_CONSTANT_CONVERSION = YES;
				CLANG_WARN_DEPRECATED_OBJC_IMPLEMENTATIONS = YES;
				CLANG_WARN_DIRECT_OBJC_ISA_USAGE = YES_ERROR;
				CLANG_WARN_DOCUMENTATION_COMMENTS = YES;
				CLANG_WARN_EMPTY_BODY = YES;
				CLANG_WARN_ENUM_CONVERSION = YES;
				CLANG_WARN_INFINITE_RECURSION = YES;
				CLANG_WARN_INT_CONVERSION = YES;
				CLANG_WARN_NON_LITERAL_NULL_CONVERSION = YES;
				CLANG_WARN_OBJC_IMPLICIT_RETAIN_SELF = YES;
				CLANG_WARN_OBJC_LITERAL_CONVERSION = YES;
				CLANG_WARN_OBJC_ROOT_CLASS = YES_ERROR;
				CLANG_WARN_QUOTED_INCLUDE_IN_FRAMEWORK_HEADER = YES;
				CLANG_WARN_RANGE_LOOP_ANALYSIS = YES;
				CLANG_WARN_STRICT_PROTOTYPES = YES;
				CLANG_WARN_SUSPICIOUS_MOVE = YES;
				CLANG_WARN_UNGUARDED_AVAILABILITY = YES_AGGRESSIVE;
				CLANG_WARN_UNREACHABLE_CODE = YES;
				CLANG_WARN__DUPLICATE_METHOD_MATCH = YES;
				COPY_PHASE_STRIP = NO;
				DEBUG_INFORMATION_FORMAT = "dwarf-with-dsym";
				ENABLE_NS_ASSERTIONS = NO;
				ENABLE_STRICT_OBJC_MSGSEND = YES;
				GCC_C_LANGUAGE_STANDARD = gnu11;
				GCC_NO_COMMON_BLOCKS = YES;
				GCC_WARN_64_TO_32_BIT_CONVERSION = YES;
				GCC_WARN_ABOUT_RETURN_TYPE = YES_ERROR;
				GCC_WARN_UNDECLARED_SELECTOR = YES;
				GCC_WARN_UNINITIALIZED_AUTOS = YES_AGGRESSIVE;
				GCC_WARN_UNUSED_FUNCTION = YES;
				GCC_WARN_UNUSED_VARIABLE = YES;
				MACOSX_DEPLOYMENT_TARGET = 13.0;
				MTL_ENABLE_DEBUG_INFO = NO;
				MTL_FAST_MATH = YES;
				PRODUCT_NAME = "$(TARGET_NAME)";
				SDKROOT = macosx;
				SWIFT_COMPILATION_MODE = wholemodule;
				SWIFT_OPTIMIZATION_LEVEL = "-O";
				SWIFT_VERSION = 5.0;
			};
			name = Release;
		};
/* End XCBuildConfiguration section */

/* Begin XCConfigurationList section */
		3DBF7586321C78FD557DFEBB /* Build configuration list for PBXNativeTarget "New File from Clipboard" */ = {
			isa = XCConfigurationList;
			buildConfigurations = (
				E76DAE2F45C3BEC7DBD9EAF1 /* Release */,
				195EC8B92718A7905B80A488 /* Debug */,
			);
			defaultConfigurationIsVisible = 0;
			defaultConfigurationName = Release;
		};
		46A3C326089AAFB3FE700AE2 /* Build configuration list for PBXNativeTarget "NewFileFinderExtension" */ = {
			isa = XCConfigurationList;
			buildConfigurations = (
				68A476AC5A2CEC72F2E51530 /* Release */,
				B5BC31B3B6296442ABF77431 /* Debug */,
			);
			defaultConfigurationIsVisible = 0;
			defaultConfigurationName = Release;
		};
		927CB45200B5AB2B2B47E095 /* Build configuration list for PBXProject "NewFileFromClipboard" */ = {
			isa = XCConfigurationList;
			buildConfigurations = (
				2E603FDAFA3955470B43824B /* Debug */,
				EF29EF109A038ABB0EF6E608 /* Release */,
			);
			defaultConfigurationIsVisible = 0;
			defaultConfigurationName = Release;
		};
/* End XCConfigurationList section */
	};
	rootObject = FA1AB8B2E943CAC84212FD67 /* Project object */;
}
