// !$*UTF8*$!
{
	archiveVersion = 1;
	classes = {
	};
	objectVersion = 46;
	objects = {

/* Begin PBXBuildFile section */
		1D84FA74882F1F06A2333B01 /* Cocoa.framework in Frameworks */ = {isa = PBXBuildFile; fileRef = 1576EED2C80A6BD97C0F0FE6 /* Cocoa.framework */; };
		3A450BE9CBBCF9D17E641ADC /* Cocoa.framework in Frameworks */ = {isa = PBXBuildFile; fileRef = 49BA11761C77CC82985385ED /* Cocoa.framework */; };
		94D48D9EE67DE901F9276863 /* NewFileFromClipboardApp.m in Sources */ = {isa = PBXBuildFile; fileRef = 72D7625D95DE2ED03CC2BE03 /* NewFileFromClipboardApp.m */; };
		9B1C238F7BFFAEA0B7DC8E06 /* NewFileFinderExtension.m in Sources */ = {isa = PBXBuildFile; fileRef = 200095DAF8964A9932BD5092 /* NewFileFinderExtension.m */; };
		A49E911ED9AE958579D5404E /* NewFileFinderExtension.appex in Embed App Extensions */ = {isa = PBXBuildFile; fileRef = 84A6BB9EE5BF2E64E74E5B4C /* NewFileFinderExtension.appex */; };
		BEA8FF30E074E2FB3BBFCC54 /* FinderSync.framework in Frameworks */ = {isa = PBXBuildFile; fileRef = E9203C5A78DC0CD2923B847A /* FinderSync.framework */; };
		F7A6F8D80202A36020E697FF /* Cocoa.framework in Frameworks */ = {isa = PBXBuildFile; fileRef = 49BA11761C77CC82985385ED /* Cocoa.framework */; };
		FFF5776613955D038457C897 /* Cocoa.framework in Frameworks */ = {isa = PBXBuildFile; fileRef = 1576EED2C80A6BD97C0F0FE6 /* Cocoa.framework */; };
/* End PBXBuildFile section */

/* Begin PBXContainerItemProxy section */
		629BD7F2804A913D96972763 /* PBXContainerItemProxy */ = {
			isa = PBXContainerItemProxy;
			containerPortal = 227971C2D70C45A54971BAB1 /* Project object */;
			proxyType = 1;
			remoteGlobalIDString = 0F14F08FC688B4987177ED62;
			remoteInfo = NewFileFinderExtension;
		};
/* End PBXContainerItemProxy section */

/* Begin PBXCopyFilesBuildPhase section */
		837F903D8A7BECEC07892277 /* Embed App Extensions */ = {
			isa = PBXCopyFilesBuildPhase;
			buildActionMask = 2147483647;
			dstPath = "";
			dstSubfolderSpec = 13;
			files = (
				A49E911ED9AE958579D5404E /* NewFileFinderExtension.appex in Embed App Extensions */,
			);
			name = "Embed App Extensions";
			runOnlyForDeploymentPostprocessing = 0;
		};
/* End PBXCopyFilesBuildPhase section */

/* Begin PBXFileReference section */
		14A2E26E201460A1C2FB793A /* New File from Clipboard.app */ = {isa = PBXFileReference; explicitFileType = wrapper.application; includeInIndex = 0; path = "New File from Clipboard.app"; sourceTree = BUILT_PRODUCTS_DIR; };
		1576EED2C80A6BD97C0F0FE6 /* Cocoa.framework */ = {isa = PBXFileReference; lastKnownFileType = wrapper.framework; name = Cocoa.framework; path = System/Library/Frameworks/Cocoa.framework; sourceTree = SDKROOT; };
		1DC9B007C7213219354D6822 /* AppInfo.plist */ = {isa = PBXFileReference; includeInIndex = 1; lastKnownFileType = text.plist.xml; path = AppInfo.plist; sourceTree = "<group>"; };
		200095DAF8964A9932BD5092 /* NewFileFinderExtension.m */ = {isa = PBXFileReference; includeInIndex = 1; lastKnownFileType = sourcecode.c.objc; path = NewFileFinderExtension.m; sourceTree = "<group>"; };
		30A47D7F01A5317B81C653B6 /* Extension.entitlements */ = {isa = PBXFileReference; includeInIndex = 1; lastKnownFileType = text.plist.entitlements; path = Extension.entitlements; sourceTree = "<group>"; };
		499FFA8597C432973E59E115 /* App.entitlements */ = {isa = PBXFileReference; includeInIndex = 1; lastKnownFileType = text.plist.entitlements; path = App.entitlements; sourceTree = "<group>"; };
		49BA11761C77CC82985385ED /* Cocoa.framework */ = {isa = PBXFileReference; lastKnownFileType = wrapper.framework; name = Cocoa.framework; path = Platforms/MacOSX.platform/Developer/SDKs/MacOSX15.0.sdk/System/Library/Frameworks/Cocoa.framework; sourceTree = DEVELOPER_DIR; };
		58FCBF464D543A99994A36A8 /* ExtensionInfo.plist */ = {isa = PBXFileReference; includeInIndex = 1; lastKnownFileType = text.plist.xml; path = ExtensionInfo.plist; sourceTree = "<group>"; };
		72D7625D95DE2ED03CC2BE03 /* NewFileFromClipboardApp.m */ = {isa = PBXFileReference; includeInIndex = 1; lastKnownFileType = sourcecode.c.objc; path = NewFileFromClipboardApp.m; sourceTree = "<group>"; };
		84A6BB9EE5BF2E64E74E5B4C /* NewFileFinderExtension.appex */ = {isa = PBXFileReference; explicitFileType = "wrapper.app-extension"; includeInIndex = 0; path = NewFileFinderExtension.appex; sourceTree = BUILT_PRODUCTS_DIR; };
		E9203C5A78DC0CD2923B847A /* FinderSync.framework */ = {isa = PBXFileReference; lastKnownFileType = wrapper.framework; name = FinderSync.framework; path = System/Library/Frameworks/FinderSync.framework; sourceTree = SDKROOT; };
/* End PBXFileReference section */

/* Begin PBXFrameworksBuildPhase section */
		D86F79834B7C5E5DB73D75B7 /* Frameworks */ = {
			isa = PBXFrameworksBuildPhase;
			buildActionMask = 2147483647;
			files = (
				F7A6F8D80202A36020E697FF /* Cocoa.framework in Frameworks */,
				1D84FA74882F1F06A2333B01 /* Cocoa.framework in Frameworks */,
			);
			runOnlyForDeploymentPostprocessing = 0;
		};
		DD020F88B40FAE1CEF0D30F8 /* Frameworks */ = {
			isa = PBXFrameworksBuildPhase;
			buildActionMask = 2147483647;
			files = (
				3A450BE9CBBCF9D17E641ADC /* Cocoa.framework in Frameworks */,
				FFF5776613955D038457C897 /* Cocoa.framework in Frameworks */,
				BEA8FF30E074E2FB3BBFCC54 /* FinderSync.framework in Frameworks */,
			);
			runOnlyForDeploymentPostprocessing = 0;
		};
/* End PBXFrameworksBuildPhase section */

/* Begin PBXGroup section */
		04C280D4E0FC1A9F27EBF2BE /* OS X */ = {
			isa = PBXGroup;
			children = (
				49BA11761C77CC82985385ED /* Cocoa.framework */,
			);
			name = "OS X";
			sourceTree = "<group>";
		};
		467FD45C02679FF75BCD0BC3 /* Products */ = {
			isa = PBXGroup;
			children = (
				14A2E26E201460A1C2FB793A /* New File from Clipboard.app */,
				84A6BB9EE5BF2E64E74E5B4C /* NewFileFinderExtension.appex */,
			);
			name = Products;
			sourceTree = "<group>";
		};
		844C0909EFEA1F8D71612F18 /* FinderExtension */ = {
			isa = PBXGroup;
			children = (
				72D7625D95DE2ED03CC2BE03 /* NewFileFromClipboardApp.m */,
				200095DAF8964A9932BD5092 /* NewFileFinderExtension.m */,
				1DC9B007C7213219354D6822 /* AppInfo.plist */,
				58FCBF464D543A99994A36A8 /* ExtensionInfo.plist */,
				499FFA8597C432973E59E115 /* App.entitlements */,
				30A47D7F01A5317B81C653B6 /* Extension.entitlements */,
			);
			name = FinderExtension;
			path = FinderExtension;
			sourceTree = "<group>";
		};
		9E5AE424833BE7B7F809F65C = {
			isa = PBXGroup;
			children = (
				467FD45C02679FF75BCD0BC3 /* Products */,
				F9F1E7C641578E5DD0682861 /* Frameworks */,
				844C0909EFEA1F8D71612F18 /* FinderExtension */,
			);
			sourceTree = "<group>";
		};
		F9F1E7C641578E5DD0682861 /* Frameworks */ = {
			isa = PBXGroup;
			children = (
				04C280D4E0FC1A9F27EBF2BE /* OS X */,
				1576EED2C80A6BD97C0F0FE6 /* Cocoa.framework */,
				E9203C5A78DC0CD2923B847A /* FinderSync.framework */,
			);
			name = Frameworks;
			sourceTree = "<group>";
		};
/* End PBXGroup section */

/* Begin PBXNativeTarget section */
		0F14F08FC688B4987177ED62 /* NewFileFinderExtension */ = {
			isa = PBXNativeTarget;
			buildConfigurationList = AE4D6703947E7A5DBC5E1E21 /* Build configuration list for PBXNativeTarget "NewFileFinderExtension" */;
			buildPhases = (
				630746BF89110BA517C40D5E /* Sources */,
				DD020F88B40FAE1CEF0D30F8 /* Frameworks */,
				A1515FE27EF7713B6A59C3D7 /* Resources */,
			);
			buildRules = (
			);
			dependencies = (
			);
			name = NewFileFinderExtension;
			productName = NewFileFinderExtension;
			productReference = 84A6BB9EE5BF2E64E74E5B4C /* NewFileFinderExtension.appex */;
			productType = "com.apple.product-type.app-extension";
		};
		4B4FC8C7F63D0C1689EFAD30 /* New File from Clipboard */ = {
			isa = PBXNativeTarget;
			buildConfigurationList = 4F705C195C5FAEF0C80646C3 /* Build configuration list for PBXNativeTarget "New File from Clipboard" */;
			buildPhases = (
				5B0285D856ECAD58739505B8 /* Sources */,
				D86F79834B7C5E5DB73D75B7 /* Frameworks */,
				5C5109C62F94D303B1D1455A /* Resources */,
				837F903D8A7BECEC07892277 /* Embed App Extensions */,
			);
			buildRules = (
			);
			dependencies = (
				07F95705CFB568984269C4F0 /* PBXTargetDependency */,
			);
			name = "New File from Clipboard";
			productName = "New File from Clipboard";
			productReference = 14A2E26E201460A1C2FB793A /* New File from Clipboard.app */;
			productType = "com.apple.product-type.application";
		};
/* End PBXNativeTarget section */

/* Begin PBXProject section */
		227971C2D70C45A54971BAB1 /* Project object */ = {
			isa = PBXProject;
			attributes = {
				LastSwiftUpdateCheck = 1600;
				LastUpgradeCheck = 2640;
				ORGANIZATIONNAME = "Eric Baruch";
			};
			buildConfigurationList = 5222E8B76FB9A4433D9C6622 /* Build configuration list for PBXProject "NewFileFromClipboard" */;
			compatibilityVersion = "Xcode 3.2";
			developmentRegion = en;
			hasScannedForEncodings = 0;
			knownRegions = (
				en,
				Base,
			);
			mainGroup = 9E5AE424833BE7B7F809F65C;
			minimizedProjectReferenceProxies = 0;
			preferredProjectObjectVersion = 77;
			productRefGroup = 467FD45C02679FF75BCD0BC3 /* Products */;
			projectDirPath = "";
			projectRoot = "";
			targets = (
				4B4FC8C7F63D0C1689EFAD30 /* New File from Clipboard */,
				0F14F08FC688B4987177ED62 /* NewFileFinderExtension */,
			);
		};
/* End PBXProject section */

/* Begin PBXResourcesBuildPhase section */
		5C5109C62F94D303B1D1455A /* Resources */ = {
			isa = PBXResourcesBuildPhase;
			buildActionMask = 2147483647;
			files = (
			);
			runOnlyForDeploymentPostprocessing = 0;
		};
		A1515FE27EF7713B6A59C3D7 /* Resources */ = {
			isa = PBXResourcesBuildPhase;
			buildActionMask = 2147483647;
			files = (
			);
			runOnlyForDeploymentPostprocessing = 0;
		};
/* End PBXResourcesBuildPhase section */

/* Begin PBXSourcesBuildPhase section */
		5B0285D856ECAD58739505B8 /* Sources */ = {
			isa = PBXSourcesBuildPhase;
			buildActionMask = 2147483647;
			files = (
				94D48D9EE67DE901F9276863 /* NewFileFromClipboardApp.m in Sources */,
			);
			runOnlyForDeploymentPostprocessing = 0;
		};
		630746BF89110BA517C40D5E /* Sources */ = {
			isa = PBXSourcesBuildPhase;
			buildActionMask = 2147483647;
			files = (
				9B1C238F7BFFAEA0B7DC8E06 /* NewFileFinderExtension.m in Sources */,
			);
			runOnlyForDeploymentPostprocessing = 0;
		};
/* End PBXSourcesBuildPhase section */

/* Begin PBXTargetDependency section */
		07F95705CFB568984269C4F0 /* PBXTargetDependency */ = {
			isa = PBXTargetDependency;
			name = NewFileFinderExtension;
			target = 0F14F08FC688B4987177ED62 /* NewFileFinderExtension */;
			targetProxy = 629BD7F2804A913D96972763 /* PBXContainerItemProxy */;
		};
/* End PBXTargetDependency section */

/* Begin XCBuildConfiguration section */
		1DD5093F308EED1B366E877D /* Release */ = {
			isa = XCBuildConfiguration;
			buildSettings = {
				ALWAYS_SEARCH_USER_PATHS = NO;
				ASSETCATALOG_COMPILER_APPICON_NAME = AppIcon;
				ASSETCATALOG_COMPILER_GLOBAL_ACCENT_COLOR_NAME = AccentColor;
				CLANG_ENABLE_MODULES = YES;
				CLANG_ENABLE_OBJC_ARC = YES;
				CODE_SIGN_ENTITLEMENTS = FinderExtension/App.entitlements;
				CODE_SIGN_IDENTITY = "Apple Development";
				CODE_SIGN_STYLE = Automatic;
				COMBINE_HIDPI_IMAGES = YES;
				CURRENT_PROJECT_VERSION = 1;
				DEVELOPMENT_TEAM = NSQB6N5244;
				ENABLE_HARDENED_RUNTIME = YES;
				INFOPLIST_FILE = FinderExtension/AppInfo.plist;
				LD_RUNPATH_SEARCH_PATHS = "$(inherited) @executable_path/../Frameworks";
				MACOSX_DEPLOYMENT_TARGET = 13.0;
				MARKETING_VERSION = 1.0;
				PRODUCT_BUNDLE_IDENTIFIER = com.ericbaruch.NewFileFromClipboard;
				PRODUCT_NAME = "New File from Clipboard";
				SDKROOT = macosx;
				SKIP_INSTALL = NO;
				SWIFT_VERSION = 5.0;
			};
			name = Release;
		};
		21DC8FD924E661637ED9C866 /* Debug */ = {
			isa = XCBuildConfiguration;
			buildSettings = {
				ALWAYS_SEARCH_USER_PATHS = NO;
				ASSETCATALOG_COMPILER_APPICON_NAME = AppIcon;
				ASSETCATALOG_COMPILER_GLOBAL_ACCENT_COLOR_NAME = AccentColor;
				CLANG_ENABLE_MODULES = YES;
				CLANG_ENABLE_OBJC_ARC = YES;
				CODE_SIGN_ENTITLEMENTS = FinderExtension/App.entitlements;
				CODE_SIGN_IDENTITY = "Apple Development";
				CODE_SIGN_STYLE = Automatic;
				COMBINE_HIDPI_IMAGES = YES;
				CURRENT_PROJECT_VERSION = 1;
				DEVELOPMENT_TEAM = NSQB6N5244;
				ENABLE_HARDENED_RUNTIME = YES;
				INFOPLIST_FILE = FinderExtension/AppInfo.plist;
				LD_RUNPATH_SEARCH_PATHS = "$(inherited) @executable_path/../Frameworks";
				MACOSX_DEPLOYMENT_TARGET = 13.0;
				MARKETING_VERSION = 1.0;
				PRODUCT_BUNDLE_IDENTIFIER = com.ericbaruch.NewFileFromClipboard;
				PRODUCT_NAME = "New File from Clipboard";
				SDKROOT = macosx;
				SKIP_INSTALL = NO;
				SWIFT_VERSION = 5.0;
			};
			name = Debug;
		};
		D363C0270A82EB1D5E7759B5 /* Release */ = {
			isa = XCBuildConfiguration;
			buildSettings = {
				ALWAYS_SEARCH_USER_PATHS = NO;
				APPLICATION_EXTENSION_API_ONLY = YES;
				CLANG_ENABLE_MODULES = YES;
				CLANG_ENABLE_OBJC_ARC = YES;
				CODE_SIGN_ENTITLEMENTS = FinderExtension/Extension.entitlements;
				CODE_SIGN_IDENTITY = "Apple Development";
				CODE_SIGN_STYLE = Automatic;
				CURRENT_PROJECT_VERSION = 1;
				DEVELOPMENT_TEAM = NSQB6N5244;
				ENABLE_HARDENED_RUNTIME = YES;
				INFOPLIST_FILE = FinderExtension/ExtensionInfo.plist;
				LD_RUNPATH_SEARCH_PATHS = "$(inherited) @executable_path/../Frameworks @executable_path/../../../../Frameworks";
				MACOSX_DEPLOYMENT_TARGET = 13.0;
				MARKETING_VERSION = 1.0;
				PRODUCT_BUNDLE_IDENTIFIER = com.ericbaruch.NewFileFromClipboard.FinderExtension;
				PRODUCT_NAME = NewFileFinderExtension;
				SDKROOT = macosx;
				SKIP_INSTALL = YES;
				SWIFT_VERSION = 5.0;
			};
			name = Release;
		};
		D46D8823689739FE5F4C88D4 /* Debug */ = {
			isa = XCBuildConfiguration;
			buildSettings = {
				ALWAYS_SEARCH_USER_PATHS = NO;
				APPLICATION_EXTENSION_API_ONLY = YES;
				CLANG_ENABLE_MODULES = YES;
				CLANG_ENABLE_OBJC_ARC = YES;
				CODE_SIGN_ENTITLEMENTS = FinderExtension/Extension.entitlements;
				CODE_SIGN_IDENTITY = "Apple Development";
				CODE_SIGN_STYLE = Automatic;
				CURRENT_PROJECT_VERSION = 1;
				DEVELOPMENT_TEAM = NSQB6N5244;
				ENABLE_HARDENED_RUNTIME = YES;
				INFOPLIST_FILE = FinderExtension/ExtensionInfo.plist;
				LD_RUNPATH_SEARCH_PATHS = "$(inherited) @executable_path/../Frameworks @executable_path/../../../../Frameworks";
				MACOSX_DEPLOYMENT_TARGET = 13.0;
				MARKETING_VERSION = 1.0;
				PRODUCT_BUNDLE_IDENTIFIER = com.ericbaruch.NewFileFromClipboard.FinderExtension;
				PRODUCT_NAME = NewFileFinderExtension;
				SDKROOT = macosx;
				SKIP_INSTALL = YES;
				SWIFT_VERSION = 5.0;
			};
			name = Debug;
		};
		EEA7CFD7E467A72F9830E7FF /* Debug */ = {
			isa = XCBuildConfiguration;
			buildSettings = {
				ALWAYS_SEARCH_USER_PATHS = NO;
				CLANG_ANALYZER_NONNULL = YES;
				CLANG_ANALYZER_NUMBER_OBJECT_CONVERSION = YES_AGGRESSIVE;
				CLANG_CXX_LANGUAGE_STANDARD = "gnu++14";
				CLANG_CXX_LIBRARY = "libc++";
				CLANG_ENABLE_MODULES = YES;
				CLANG_ENABLE_OBJC_ARC = YES;
				CLANG_ENABLE_OBJC_WEAK = YES;
				CLANG_WARN_BLOCK_CAPTURE_AUTORELEASING = YES;
				CLANG_WARN_BOOL_CONVERSION = YES;
				CLANG_WARN_COMMA = YES;
				CLANG_WARN_CONSTANT_CONVERSION = YES;
				CLANG_WARN_DEPRECATED_OBJC_IMPLEMENTATIONS = YES;
				CLANG_WARN_DIRECT_OBJC_ISA_USAGE = YES_ERROR;
				CLANG_WARN_DOCUMENTATION_COMMENTS = YES;
				CLANG_WARN_EMPTY_BODY = YES;
				CLANG_WARN_ENUM_CONVERSION = YES;
				CLANG_WARN_INFINITE_RECURSION = YES;
				CLANG_WARN_INT_CONVERSION = YES;
				CLANG_WARN_NON_LITERAL_NULL_CONVERSION = YES;
				CLANG_WARN_OBJC_IMPLICIT_RETAIN_SELF = YES;
				CLANG_WARN_OBJC_LITERAL_CONVERSION = YES;
				CLANG_WARN_OBJC_ROOT_CLASS = YES_ERROR;
				CLANG_WARN_QUOTED_INCLUDE_IN_FRAMEWORK_HEADER = YES;
				CLANG_WARN_RANGE_LOOP_ANALYSIS = YES;
				CLANG_WARN_STRICT_PROTOTYPES = YES;
				CLANG_WARN_SUSPICIOUS_MOVE = YES;
				CLANG_WARN_UNGUARDED_AVAILABILITY = YES_AGGRESSIVE;
				CLANG_WARN_UNREACHABLE_CODE = YES;
				CLANG_WARN__DUPLICATE_METHOD_MATCH = YES;
				COPY_PHASE_STRIP = NO;
				DEBUG_INFORMATION_FORMAT = dwarf;
				ENABLE_STRICT_OBJC_MSGSEND = YES;
				ENABLE_TESTABILITY = YES;
				GCC_C_LANGUAGE_STANDARD = gnu11;
				GCC_DYNAMIC_NO_PIC = NO;
				GCC_NO_COMMON_BLOCKS = YES;
				GCC_OPTIMIZATION_LEVEL = 0;
				GCC_PREPROCESSOR_DEFINITIONS = (
					"DEBUG=1",
					"$(inherited)",
				);
				GCC_WARN_64_TO_32_BIT_CONVERSION = YES;
				GCC_WARN_ABOUT_RETURN_TYPE = YES_ERROR;
				GCC_WARN_UNDECLARED_SELECTOR = YES;
				GCC_WARN_UNINITIALIZED_AUTOS = YES_AGGRESSIVE;
				GCC_WARN_UNUSED_FUNCTION = YES;
				GCC_WARN_UNUSED_VARIABLE = YES;
				MACOSX_DEPLOYMENT_TARGET = 13.0;
				MTL_ENABLE_DEBUG_INFO = INCLUDE_SOURCE;
				MTL_FAST_MATH = YES;
				ONLY_ACTIVE_ARCH = YES;
				PRODUCT_NAME = "$(TARGET_NAME)";
				SDKROOT = macosx;
				SWIFT_ACTIVE_COMPILATION_CONDITIONS = DEBUG;
				SWIFT_OPTIMIZATION_LEVEL = "-Onone";
				SWIFT_VERSION = 5.0;
			};
			name = Debug;
		};
		F909AFA1BBD90532B15C1075 /* Release */ = {
			isa = XCBuildConfiguration;
			buildSettings = {
				ALWAYS_SEARCH_USER_PATHS = NO;
				CLANG_ANALYZER_NONNULL = YES;
				CLANG_ANALYZER_NUMBER_OBJECT_CONVERSION = YES_AGGRESSIVE;
				CLANG_CXX_LANGUAGE_STANDARD = "gnu++14";
				CLANG_CXX_LIBRARY = "libc++";
				CLANG_ENABLE_MODULES = YES;
				CLANG_ENABLE_OBJC_ARC = YES;
				CLANG_ENABLE_OBJC_WEAK = YES;
				CLANG_WARN_BLOCK_CAPTURE_AUTORELEASING = YES;
				CLANG_WARN_BOOL_CONVERSION = YES;
				CLANG_WARN_COMMA = YES;
				CLANG_WARN_CONSTANT_CONVERSION = YES;
				CLANG_WARN_DEPRECATED_OBJC_IMPLEMENTATIONS = YES;
				CLANG_WARN_DIRECT_OBJC_ISA_USAGE = YES_ERROR;
				CLANG_WARN_DOCUMENTATION_COMMENTS = YES;
				CLANG_WARN_EMPTY_BODY = YES;
				CLANG_WARN_ENUM_CONVERSION = YES;
				CLANG_WARN_INFINITE_RECURSION = YES;
				CLANG_WARN_INT_CONVERSION = YES;
				CLANG_WARN_NON_LITERAL_NULL_CONVERSION = YES;
				CLANG_WARN_OBJC_IMPLICIT_RETAIN_SELF = YES;
				CLANG_WARN_OBJC_LITERAL_CONVERSION = YES;
				CLANG_WARN_OBJC_ROOT_CLASS = YES_ERROR;
				CLANG_WARN_QUOTED_INCLUDE_IN_FRAMEWORK_HEADER = YES;
				CLANG_WARN_RANGE_LOOP_ANALYSIS = YES;
				CLANG_WARN_STRICT_PROTOTYPES = YES;
				CLANG_WARN_SUSPICIOUS_MOVE = YES;
				CLANG_WARN_UNGUARDED_AVAILABILITY = YES_AGGRESSIVE;
				CLANG_WARN_UNREACHABLE_CODE = YES;
				CLANG_WARN__DUPLICATE_METHOD_MATCH = YES;
				COPY_PHASE_STRIP = NO;
				DEBUG_INFORMATION_FORMAT = "dwarf-with-dsym";
				ENABLE_NS_ASSERTIONS = NO;
				ENABLE_STRICT_OBJC_MSGSEND = YES;
				GCC_C_LANGUAGE_STANDARD = gnu11;
				GCC_NO_COMMON_BLOCKS = YES;
				GCC_WARN_64_TO_32_BIT_CONVERSION = YES;
				GCC_WARN_ABOUT_RETURN_TYPE = YES_ERROR;
				GCC_WARN_UNDECLARED_SELECTOR = YES;
				GCC_WARN_UNINITIALIZED_AUTOS = YES_AGGRESSIVE;
				GCC_WARN_UNUSED_FUNCTION = YES;
				GCC_WARN_UNUSED_VARIABLE = YES;
				MACOSX_DEPLOYMENT_TARGET = 13.0;
				MTL_ENABLE_DEBUG_INFO = NO;
				MTL_FAST_MATH = YES;
				PRODUCT_NAME = "$(TARGET_NAME)";
				SDKROOT = macosx;
				SWIFT_COMPILATION_MODE = wholemodule;
				SWIFT_OPTIMIZATION_LEVEL = "-O";
				SWIFT_VERSION = 5.0;
			};
			name = Release;
		};
/* End XCBuildConfiguration section */

/* Begin XCConfigurationList section */
		4F705C195C5FAEF0C80646C3 /* Build configuration list for PBXNativeTarget "New File from Clipboard" */ = {
			isa = XCConfigurationList;
			buildConfigurations = (
				1DD5093F308EED1B366E877D /* Release */,
				21DC8FD924E661637ED9C866 /* Debug */,
			);
			defaultConfigurationIsVisible = 0;
			defaultConfigurationName = Release;
		};
		5222E8B76FB9A4433D9C6622 /* Build configuration list for PBXProject "NewFileFromClipboard" */ = {
			isa = XCConfigurationList;
			buildConfigurations = (
				EEA7CFD7E467A72F9830E7FF /* Debug */,
				F909AFA1BBD90532B15C1075 /* Release */,
			);
			defaultConfigurationIsVisible = 0;
			defaultConfigurationName = Release;
		};
		AE4D6703947E7A5DBC5E1E21 /* Build configuration list for PBXNativeTarget "NewFileFinderExtension" */ = {
			isa = XCConfigurationList;
			buildConfigurations = (
				D363C0270A82EB1D5E7759B5 /* Release */,
				D46D8823689739FE5F4C88D4 /* Debug */,
			);
			defaultConfigurationIsVisible = 0;
			defaultConfigurationName = Release;
		};
/* End XCConfigurationList section */
	};
	rootObject = 227971C2D70C45A54971BAB1 /* Project object */;
}
